
Microsoft Visual Studio Solution File, Format Version 11.00
# Visual Studio 2010
Project("{FAE04EC0-301F-11D3-BF4B-00C04F79EFBC}") = "Assembly-CSharp", "Assembly-CSharp.csproj", "{E863336D-D802-35A9-310F-D9950EF2012C}"
EndProject
Project("{FAE04EC0-301F-11D3-BF4B-00C04F79EFBC}") = "Assembly-CSharp-Editor", "Assembly-CSharp-Editor.csproj", "{A8CF61BC-B138-1B94-1F20-5B9415C8D9D7}"
EndProject
Global
	GlobalSection(SolutionConfigurationPlatforms) = preSolution
		Debug|Any CPU = Debug|Any CPU
		Release|Any CPU = Release|Any CPU
	EndGlobalSection
	GlobalSection(ProjectConfigurationPlatforms) = postSolution
		{E863336D-D802-35A9-310F-D9950EF2012C}.Debug|Any CPU.ActiveCfg = Debug|Any CPU
		{E863336D-D802-35A9-310F-D9950EF2012C}.Debug|Any CPU.Build.0 = Debug|Any CPU
		{E863336D-D802-35A9-310F-D9950EF2012C}.Release|Any CPU.ActiveCfg = Release|Any CPU
		{E863336D-D802-35A9-310F-D9950EF2012C}.Release|Any CPU.Build.0 = Release|Any CPU
		{A8CF61BC-B138-1B94-1F20-5B9415C8D9D7}.Debug|Any CPU.ActiveCfg = Debug|Any CPU
		{A8CF61BC-B138-1B94-1F20-5B9415C8D9D7}.Debug|Any CPU.Build.0 = Debug|Any CPU
		{A8CF61BC-B138-1B94-1F20-5B9415C8D9D7}.Release|Any CPU.ActiveCfg = Release|Any CPU
		{A8CF61BC-B138-1B94-1F20-5B9415C8D9D7}.Release|Any CPU.Build.0 = Release|Any CPU
	EndGlobalSection
	GlobalSection(SolutionProperties) = preSolution
		HideSolutionNode = FALSE
	EndGlobalSection
	GlobalSection(MonoDevelopProperties) = preSolution
		StartupItem = Assembly-CSharp.csproj
	EndGlobalSection
EndGlobal
